
Microsoft Visual Studio Solution File, Format Version 12.00
# Visual Studio Version 16
VisualStudioVersion = 16.0.29424.173
MinimumVisualStudioVersion = 10.0.40219.1
Project("{FAE04EC0-301F-11D3-BF4B-00C04F79EFBC}") = "PracticaEA2", "PracticaEA2\PracticaEA2.csproj", "{7BF04954-0708-4690-B4CE-BC1A676B4965}"
EndProject
Project("{FAE04EC0-301F-11D3-BF4B-00C04F79EFBC}") = "DAL", "DAL\DAL.csproj", "{AE30924D-95E0-4617-9F9B-1AA4086A1968}"
EndProject
Project("{FAE04EC0-301F-11D3-BF4B-00C04F79EFBC}") = "Servicios", "Servicios\Servicios.csproj", "{55CAED98-A174-4C8C-9C2F-CC3AFCEAE2BC}"
EndProject
Global
	GlobalSection(SolutionConfigurationPlatforms) = preSolution
		Debug|Any CPU = Debug|Any CPU
		Release|Any CPU = Release|Any CPU
	EndGlobalSection
	GlobalSection(ProjectConfigurationPlatforms) = postSolution
		{7BF04954-0708-4690-B4CE-BC1A676B4965}.Debug|Any CPU.ActiveCfg = Debug|Any CPU
		{7BF04954-0708-4690-B4CE-BC1A676B4965}.Debug|Any CPU.Build.0 = Debug|Any CPU
		{7BF04954-0708-4690-B4CE-BC1A676B4965}.Release|Any CPU.ActiveCfg = Release|Any CPU
		{7BF04954-0708-4690-B4CE-BC1A676B4965}.Release|Any CPU.Build.0 = Release|Any CPU
		{AE30924D-95E0-4617-9F9B-1AA4086A1968}.Debug|Any CPU.ActiveCfg = Debug|Any CPU
		{AE30924D-95E0-4617-9F9B-1AA4086A1968}.Debug|Any CPU.Build.0 = Debug|Any CPU
		{AE30924D-95E0-4617-9F9B-1AA4086A1968}.Release|Any CPU.ActiveCfg = Release|Any CPU
		{AE30924D-95E0-4617-9F9B-1AA4086A1968}.Release|Any CPU.Build.0 = Release|Any CPU
		{55CAED98-A174-4C8C-9C2F-CC3AFCEAE2BC}.Debug|Any CPU.ActiveCfg = Debug|Any CPU
		{55CAED98-A174-4C8C-9C2F-CC3AFCEAE2BC}.Debug|Any CPU.Build.0 = Debug|Any CPU
		{55CAED98-A174-4C8C-9C2F-CC3AFCEAE2BC}.Release|Any CPU.ActiveCfg = Release|Any CPU
		{55CAED98-A174-4C8C-9C2F-CC3AFCEAE2BC}.Release|Any CPU.Build.0 = Release|Any CPU
	EndGlobalSection
	GlobalSection(SolutionProperties) = preSolution
		HideSolutionNode = FALSE
	EndGlobalSection
	GlobalSection(ExtensibilityGlobals) = postSolution
		SolutionGuid = {4754A2BA-D002-467C-B133-1226A4EE50FA}
	EndGlobalSection
EndGlobal
